
Microsoft Visual Studio Solution File, Format Version 12.00
# Visual Studio Version 17
VisualStudioVersion = 17.13.35931.197 d17.13
MinimumVisualStudioVersion = 10.0.40219.1
Project("{FAE04EC0-301F-11D3-BF4B-00C04F79EFBC}") = "TradingSignalConsoleApp", "TradingSignalConsoleApp.csproj", "{220F0657-89ED-4D5F-AF3E-11E9FC51199B}"
EndProject
Global
	GlobalSection(SolutionConfigurationPlatforms) = preSolution
		Debug|Any CPU = Debug|Any CPU
		Release|Any CPU = Release|Any CPU
	EndGlobalSection
	GlobalSection(ProjectConfigurationPlatforms) = postSolution
		{220F0657-89ED-4D5F-AF3E-11E9FC51199B}.Debug|Any CPU.ActiveCfg = Debug|Any CPU
		{220F0657-89ED-4D5F-AF3E-11E9FC51199B}.Debug|Any CPU.Build.0 = Debug|Any CPU
		{220F0657-89ED-4D5F-AF3E-11E9FC51199B}.Release|Any CPU.ActiveCfg = Release|Any CPU
		{220F0657-89ED-4D5F-AF3E-11E9FC51199B}.Release|Any CPU.Build.0 = Release|Any CPU
	EndGlobalSection
	GlobalSection(SolutionProperties) = preSolution
		HideSolutionNode = FALSE
	EndGlobalSection
	GlobalSection(ExtensibilityGlobals) = postSolution
		SolutionGuid = {E7594182-0AD3-4DE8-BD0D-BAEB5F8E6CB5}
	EndGlobalSection
EndGlobal
